
Microsoft Visual Studio Solution File, Format Version 12.00
# Visual Studio Version 17
VisualStudioVersion = 17.14.36811.4 d17.14
MinimumVisualStudioVersion = 10.0.40219.1
Project("{FAE04EC0-301F-11D3-BF4B-00C04F79EFBC}") = "CollegeSchedule", "CollegeSchedule\CollegeSchedule.csproj", "{E2B7553C-7FFA-474B-875C-023E9ADA3D50}"
EndProject
Global
	GlobalSection(SolutionConfigurationPlatforms) = preSolution
		Debug|Any CPU = Debug|Any CPU
		Release|Any CPU = Release|Any CPU
	EndGlobalSection
	GlobalSection(ProjectConfigurationPlatforms) = postSolution
		{E2B7553C-7FFA-474B-875C-023E9ADA3D50}.Debug|Any CPU.ActiveCfg = Debug|Any CPU
		{E2B7553C-7FFA-474B-875C-023E9ADA3D50}.Debug|Any CPU.Build.0 = Debug|Any CPU
		{E2B7553C-7FFA-474B-875C-023E9ADA3D50}.Release|Any CPU.ActiveCfg = Release|Any CPU
		{E2B7553C-7FFA-474B-875C-023E9ADA3D50}.Release|Any CPU.Build.0 = Release|Any CPU
	EndGlobalSection
	GlobalSection(SolutionProperties) = preSolution
		HideSolutionNode = FALSE
	EndGlobalSection
	GlobalSection(ExtensibilityGlobals) = postSolution
		SolutionGuid = {0D5AA167-3D2E-4589-A398-B876FAC94F58}
	EndGlobalSection
EndGlobal
